
Microsoft Visual Studio Solution File, Format Version 12.00
# Visual Studio Version 17
VisualStudioVersion = 17.5.33424.131
MinimumVisualStudioVersion = 10.0.40219.1
Project("{9A19103F-16F7-4668-BE54-9A1E7A4F7556}") = "DxHtmlEdit_OpenSilver_Bridge", "DxHtmlEdit_OpenSilver_Bridge\DxHtmlEdit_OpenSilver_Bridge\DxHtmlEdit_OpenSilver_Bridge.csproj", "{C105E360-1CB5-463C-96F3-5D56C3382716}"
EndProject
Project("{9A19103F-16F7-4668-BE54-9A1E7A4F7556}") = "DxHtmlEdit_OpenSilver_Bridge.Browser", "DxHtmlEdit_OpenSilver_Bridge\DxHtmlEdit_OpenSilver_Bridge.Browser\DxHtmlEdit_OpenSilver_Bridge.Browser.csproj", "{C791235A-FAE1-4340-8E67-C2B8E355FE8A}"
EndProject
Project("{9A19103F-16F7-4668-BE54-9A1E7A4F7556}") = "DxHtmlEdit_OpenSilver_Bridge.Simulator", "DxHtmlEdit_OpenSilver_Bridge\DxHtmlEdit_OpenSilver_Bridge.Simulator\DxHtmlEdit_OpenSilver_Bridge.Simulator.csproj", "{60CCA948-0112-49B8-92B1-F8BB299E03D8}"
EndProject
Project("{2150E333-8FDC-42A3-9474-1A3956D46DE8}") = "Solution Items", "Solution Items", "{36E56327-D46E-4B09-8140-9E8DE32C1A8B}"
	ProjectSection(SolutionItems) = preProject
		.gitattributes = .gitattributes
		.gitignore = .gitignore
		nuget.config = nuget.config
		README.md = README.md
	EndProjectSection
EndProject
Global
	GlobalSection(SolutionConfigurationPlatforms) = preSolution
		Debug|Any CPU = Debug|Any CPU
		Release|Any CPU = Release|Any CPU
	EndGlobalSection
	GlobalSection(ProjectConfigurationPlatforms) = postSolution
		{C105E360-1CB5-463C-96F3-5D56C3382716}.Debug|Any CPU.ActiveCfg = Debug|Any CPU
		{C105E360-1CB5-463C-96F3-5D56C3382716}.Debug|Any CPU.Build.0 = Debug|Any CPU
		{C105E360-1CB5-463C-96F3-5D56C3382716}.Release|Any CPU.ActiveCfg = Release|Any CPU
		{C105E360-1CB5-463C-96F3-5D56C3382716}.Release|Any CPU.Build.0 = Release|Any CPU
		{C791235A-FAE1-4340-8E67-C2B8E355FE8A}.Debug|Any CPU.ActiveCfg = Debug|Any CPU
		{C791235A-FAE1-4340-8E67-C2B8E355FE8A}.Debug|Any CPU.Build.0 = Debug|Any CPU
		{C791235A-FAE1-4340-8E67-C2B8E355FE8A}.Release|Any CPU.ActiveCfg = Release|Any CPU
		{C791235A-FAE1-4340-8E67-C2B8E355FE8A}.Release|Any CPU.Build.0 = Release|Any CPU
		{60CCA948-0112-49B8-92B1-F8BB299E03D8}.Debug|Any CPU.ActiveCfg = Debug|Any CPU
		{60CCA948-0112-49B8-92B1-F8BB299E03D8}.Debug|Any CPU.Build.0 = Debug|Any CPU
		{60CCA948-0112-49B8-92B1-F8BB299E03D8}.Release|Any CPU.ActiveCfg = Release|Any CPU
		{60CCA948-0112-49B8-92B1-F8BB299E03D8}.Release|Any CPU.Build.0 = Release|Any CPU
	EndGlobalSection
	GlobalSection(SolutionProperties) = preSolution
		HideSolutionNode = FALSE
	EndGlobalSection
	GlobalSection(ExtensibilityGlobals) = postSolution
		SolutionGuid = {58C26F23-7557-4B60-88B0-8EF2F70A4234}
	EndGlobalSection
EndGlobal
